// !$*UTF8*$!
{
	archiveVersion = 1;
	classes = {
	};
	objectVersion = 77;
	objects = {

/* Begin PBXBuildFile section */
		4904613F30436B0500233D93 /* AppDelegate.swift in Sources */ = {isa = PBXBuildFile; fileRef = 4904613E30436B0500233D93 /* AppDelegate.swift */; };
		4904614130436B0500233D93 /* SceneDelegate.swift in Sources */ = {isa = PBXBuildFile; fileRef = 4904614030436B0500233D93 /* SceneDelegate.swift */; };
		4904614430436B0500233D93 /* LaunchScreen.storyboard in Resources */ = {isa = PBXBuildFile; fileRef = 4904614230436B0500233D93 /* LaunchScreen.storyboard */; };
		4904614730436B0500233D93 /* Main.storyboard in Resources */ = {isa = PBXBuildFile; fileRef = 4904614530436B0500233D93 /* Main.storyboard */; };
		4904615030436B0500233D93 /* AppDelegate.swift in Sources */ = {isa = PBXBuildFile; fileRef = 4904614F30436B0500233D93 /* AppDelegate.swift */; };
		4904615330436B0500233D93 /* Main.storyboard in Resources */ = {isa = PBXBuildFile; fileRef = 4904615130436B0500233D93 /* Main.storyboard */; };
		4904615A30436B0500233D93 /* Job Finder Extension.appex in Embed Foundation Extensions */ = {isa = PBXBuildFile; fileRef = 4904615930436B0500233D93 /* Job Finder Extension.appex */; settings = {ATTRIBUTES = (RemoveHeadersOnCopy, ); }; };
		4904616430436B0500233D93 /* Job Finder Extension.appex in Embed Foundation Extensions */ = {isa = PBXBuildFile; fileRef = 4904616330436B0500233D93 /* Job Finder Extension.appex */; settings = {ATTRIBUTES = (RemoveHeadersOnCopy, ); }; };
		4904616930436B0500233D93 /* Main.html in Resources */ = {isa = PBXBuildFile; fileRef = 4904612E30436B0400233D93 /* Main.html */; };
		4904616A30436B0500233D93 /* Main.html in Resources */ = {isa = PBXBuildFile; fileRef = 4904612E30436B0400233D93 /* Main.html */; };
		4904616B30436B0500233D93 /* Icon.png in Resources */ = {isa = PBXBuildFile; fileRef = 4904613030436B0400233D93 /* Icon.png */; };
		4904616C30436B0500233D93 /* Icon.png in Resources */ = {isa = PBXBuildFile; fileRef = 4904613030436B0400233D93 /* Icon.png */; };
		4904616D30436B0500233D93 /* Style.css in Resources */ = {isa = PBXBuildFile; fileRef = 4904613130436B0400233D93 /* Style.css */; };
		4904616E30436B0500233D93 /* Style.css in Resources */ = {isa = PBXBuildFile; fileRef = 4904613130436B0400233D93 /* Style.css */; };
		4904616F30436B0500233D93 /* Script.js in Resources */ = {isa = PBXBuildFile; fileRef = 4904613230436B0400233D93 /* Script.js */; };
		4904617030436B0500233D93 /* Script.js in Resources */ = {isa = PBXBuildFile; fileRef = 4904613230436B0400233D93 /* Script.js */; };
		4904617130436B0500233D93 /* ViewController.swift in Sources */ = {isa = PBXBuildFile; fileRef = 4904613330436B0400233D93 /* ViewController.swift */; };
		4904617230436B0500233D93 /* ViewController.swift in Sources */ = {isa = PBXBuildFile; fileRef = 4904613330436B0400233D93 /* ViewController.swift */; };
		4904617330436B0500233D93 /* Assets.xcassets in Resources */ = {isa = PBXBuildFile; fileRef = 4904613430436B0500233D93 /* Assets.xcassets */; };
		4904617430436B0500233D93 /* Assets.xcassets in Resources */ = {isa = PBXBuildFile; fileRef = 4904613430436B0500233D93 /* Assets.xcassets */; };
		4904617530436B0500233D93 /* SafariWebExtensionHandler.swift in Sources */ = {isa = PBXBuildFile; fileRef = 4904613630436B0500233D93 /* SafariWebExtensionHandler.swift */; };
		4904617630436B0500233D93 /* SafariWebExtensionHandler.swift in Sources */ = {isa = PBXBuildFile; fileRef = 4904613630436B0500233D93 /* SafariWebExtensionHandler.swift */; };
		4904618F30436B0500233D93 /* popup.js in Resources */ = {isa = PBXBuildFile; fileRef = 4904618830436B0500233D93 /* popup.js */; };
		4904619030436B0500233D93 /* popup.html in Resources */ = {isa = PBXBuildFile; fileRef = 4904618930436B0500233D93 /* popup.html */; };
		4904619130436B0500233D93 /* icons in Resources */ = {isa = PBXBuildFile; fileRef = 4904618A30436B0500233D93 /* icons */; };
		4904619230436B0500233D93 /* manifest.json in Resources */ = {isa = PBXBuildFile; fileRef = 4904618B30436B0500233D93 /* manifest.json */; };
		4904619330436B0500233D93 /* popup.css in Resources */ = {isa = PBXBuildFile; fileRef = 4904618C30436B0500233D93 /* popup.css */; };
		4904619430436B0500233D93 /* content.js in Resources */ = {isa = PBXBuildFile; fileRef = 4904618D30436B0500233D93 /* content.js */; };
		4904619530436B0500233D93 /* form-tools.js in Resources */ = {isa = PBXBuildFile; fileRef = 4904618E30436B0500233D93 /* form-tools.js */; };
		4904619630436B0500233D93 /* popup.js in Resources */ = {isa = PBXBuildFile; fileRef = 4904618830436B0500233D93 /* popup.js */; };
		4904619730436B0500233D93 /* popup.html in Resources */ = {isa = PBXBuildFile; fileRef = 4904618930436B0500233D93 /* popup.html */; };
		4904619830436B0500233D93 /* icons in Resources */ = {isa = PBXBuildFile; fileRef = 4904618A30436B0500233D93 /* icons */; };
		4904619930436B0500233D93 /* manifest.json in Resources */ = {isa = PBXBuildFile; fileRef = 4904618B30436B0500233D93 /* manifest.json */; };
		4904619A30436B0500233D93 /* popup.css in Resources */ = {isa = PBXBuildFile; fileRef = 4904618C30436B0500233D93 /* popup.css */; };
		4904619B30436B0500233D93 /* content.js in Resources */ = {isa = PBXBuildFile; fileRef = 4904618D30436B0500233D93 /* content.js */; };
		4904619C30436B0500233D93 /* form-tools.js in Resources */ = {isa = PBXBuildFile; fileRef = 4904618E30436B0500233D93 /* form-tools.js */; };
/* End PBXBuildFile section */

/* Begin PBXContainerItemProxy section */
		4904615B30436B0500233D93 /* PBXContainerItemProxy */ = {
			isa = PBXContainerItemProxy;
			containerPortal = 4904612830436B0300233D93 /* Project object */;
			proxyType = 1;
			remoteGlobalIDString = 4904615830436B0500233D93;
			remoteInfo = "Job Finder Extension (iOS)";
		};
		4904616530436B0500233D93 /* PBXContainerItemProxy */ = {
			isa = PBXContainerItemProxy;
			containerPortal = 4904612830436B0300233D93 /* Project object */;
			proxyType = 1;
			remoteGlobalIDString = 4904616230436B0500233D93;
			remoteInfo = "Job Finder Extension (macOS)";
		};
/* End PBXContainerItemProxy section */

/* Begin PBXCopyFilesBuildPhase section */
		4904617C30436B0500233D93 /* Embed Foundation Extensions */ = {
			isa = PBXCopyFilesBuildPhase;
			buildActionMask = 2147483647;
			dstPath = "";
			dstSubfolderSpec = 13;
			files = (
				4904615A30436B0500233D93 /* Job Finder Extension.appex in Embed Foundation Extensions */,
			);
			name = "Embed Foundation Extensions";
			runOnlyForDeploymentPostprocessing = 0;
		};
		4904618330436B0500233D93 /* Embed Foundation Extensions */ = {
			isa = PBXCopyFilesBuildPhase;
			buildActionMask = 2147483647;
			dstPath = "";
			dstSubfolderSpec = 13;
			files = (
				4904616430436B0500233D93 /* Job Finder Extension.appex in Embed Foundation Extensions */,
			);
			name = "Embed Foundation Extensions";
			runOnlyForDeploymentPostprocessing = 0;
		};
/* End PBXCopyFilesBuildPhase section */

/* Begin PBXFileReference section */
		4904612F30436B0400233D93 /* Base */ = {isa = PBXFileReference; lastKnownFileType = text.html; name = Base; path = Base.lproj/Main.html; sourceTree = "<group>"; };
		4904613030436B0400233D93 /* Icon.png */ = {isa = PBXFileReference; lastKnownFileType = image.png; path = Icon.png; sourceTree = "<group>"; };
		4904613130436B0400233D93 /* Style.css */ = {isa = PBXFileReference; lastKnownFileType = text.css; path = Style.css; sourceTree = "<group>"; };
		4904613230436B0400233D93 /* Script.js */ = {isa = PBXFileReference; lastKnownFileType = sourcecode.javascript; path = Script.js; sourceTree = "<group>"; };
		4904613330436B0400233D93 /* ViewController.swift */ = {isa = PBXFileReference; lastKnownFileType = sourcecode.swift; path = ViewController.swift; sourceTree = "<group>"; };
		4904613430436B0500233D93 /* Assets.xcassets */ = {isa = PBXFileReference; lastKnownFileType = folder.assetcatalog; path = Assets.xcassets; sourceTree = "<group>"; };
		4904613630436B0500233D93 /* SafariWebExtensionHandler.swift */ = {isa = PBXFileReference; lastKnownFileType = sourcecode.swift; path = SafariWebExtensionHandler.swift; sourceTree = "<group>"; };
		4904613B30436B0500233D93 /* Job Finder.app */ = {isa = PBXFileReference; explicitFileType = wrapper.application; includeInIndex = 0; path = "Job Finder.app"; sourceTree = BUILT_PRODUCTS_DIR; };
		4904613E30436B0500233D93 /* AppDelegate.swift */ = {isa = PBXFileReference; lastKnownFileType = sourcecode.swift; path = AppDelegate.swift; sourceTree = "<group>"; };
		4904614030436B0500233D93 /* SceneDelegate.swift */ = {isa = PBXFileReference; lastKnownFileType = sourcecode.swift; path = SceneDelegate.swift; sourceTree = "<group>"; };
		4904614330436B0500233D93 /* Base */ = {isa = PBXFileReference; lastKnownFileType = file.storyboard; name = Base; path = Base.lproj/LaunchScreen.storyboard; sourceTree = "<group>"; };
		4904614630436B0500233D93 /* Base */ = {isa = PBXFileReference; lastKnownFileType = file.storyboard; name = Base; path = Base.lproj/Main.storyboard; sourceTree = "<group>"; };
		4904614830436B0500233D93 /* Info.plist */ = {isa = PBXFileReference; lastKnownFileType = text.plist.xml; path = Info.plist; sourceTree = "<group>"; };
		4904614D30436B0500233D93 /* Job Finder.app */ = {isa = PBXFileReference; explicitFileType = wrapper.application; includeInIndex = 0; path = "Job Finder.app"; sourceTree = BUILT_PRODUCTS_DIR; };
		4904614F30436B0500233D93 /* AppDelegate.swift */ = {isa = PBXFileReference; lastKnownFileType = sourcecode.swift; path = AppDelegate.swift; sourceTree = "<group>"; };
		4904615230436B0500233D93 /* Base */ = {isa = PBXFileReference; lastKnownFileType = file.storyboard; name = Base; path = Base.lproj/Main.storyboard; sourceTree = "<group>"; };
		4904615430436B0500233D93 /* Info.plist */ = {isa = PBXFileReference; lastKnownFileType = text.plist.xml; path = Info.plist; sourceTree = "<group>"; };
		4904615930436B0500233D93 /* Job Finder Extension.appex */ = {isa = PBXFileReference; explicitFileType = "wrapper.app-extension"; includeInIndex = 0; path = "Job Finder Extension.appex"; sourceTree = BUILT_PRODUCTS_DIR; };
		4904615E30436B0500233D93 /* Info.plist */ = {isa = PBXFileReference; lastKnownFileType = text.plist.xml; path = Info.plist; sourceTree = "<group>"; };
		4904616330436B0500233D93 /* Job Finder Extension.appex */ = {isa = PBXFileReference; explicitFileType = "wrapper.app-extension"; includeInIndex = 0; path = "Job Finder Extension.appex"; sourceTree = BUILT_PRODUCTS_DIR; };
		4904616830436B0500233D93 /* Info.plist */ = {isa = PBXFileReference; lastKnownFileType = text.plist.xml; path = Info.plist; sourceTree = "<group>"; };
		4904618830436B0500233D93 /* popup.js */ = {isa = PBXFileReference; lastKnownFileType = sourcecode.javascript; name = popup.js; path = Resources/popup.js; sourceTree = "<group>"; };
		4904618930436B0500233D93 /* popup.html */ = {isa = PBXFileReference; lastKnownFileType = text.html; name = popup.html; path = Resources/popup.html; sourceTree = "<group>"; };
		4904618A30436B0500233D93 /* icons */ = {isa = PBXFileReference; lastKnownFileType = folder; name = icons; path = Resources/icons; sourceTree = "<group>"; };
		4904618B30436B0500233D93 /* manifest.json */ = {isa = PBXFileReference; lastKnownFileType = text.json; name = manifest.json; path = Resources/manifest.json; sourceTree = "<group>"; };
		4904618C30436B0500233D93 /* popup.css */ = {isa = PBXFileReference; lastKnownFileType = text.css; name = popup.css; path = Resources/popup.css; sourceTree = "<group>"; };
		4904618D30436B0500233D93 /* content.js */ = {isa = PBXFileReference; lastKnownFileType = sourcecode.javascript; name = content.js; path = Resources/content.js; sourceTree = "<group>"; };
		4904618E30436B0500233D93 /* form-tools.js */ = {isa = PBXFileReference; lastKnownFileType = sourcecode.javascript; name = "form-tools.js"; path = "Resources/form-tools.js"; sourceTree = "<group>"; };
/* End PBXFileReference section */

/* Begin PBXFrameworksBuildPhase section */
		4904613830436B0500233D93 /* Frameworks */ = {
			isa = PBXFrameworksBuildPhase;
			buildActionMask = 2147483647;
			files = (
			);
			runOnlyForDeploymentPostprocessing = 0;
		};
		4904614A30436B0500233D93 /* Frameworks */ = {
			isa = PBXFrameworksBuildPhase;
			buildActionMask = 2147483647;
			files = (
			);
			runOnlyForDeploymentPostprocessing = 0;
		};
		4904615630436B0500233D93 /* Frameworks */ = {
			isa = PBXFrameworksBuildPhase;
			buildActionMask = 2147483647;
			files = (
			);
			runOnlyForDeploymentPostprocessing = 0;
		};
		4904616030436B0500233D93 /* Frameworks */ = {
			isa = PBXFrameworksBuildPhase;
			buildActionMask = 2147483647;
			files = (
			);
			runOnlyForDeploymentPostprocessing = 0;
		};
/* End PBXFrameworksBuildPhase section */

/* Begin PBXGroup section */
		4904612730436B0300233D93 = {
			isa = PBXGroup;
			children = (
				4904612C30436B0400233D93 /* Shared (App) */,
				4904613530436B0500233D93 /* Shared (Extension) */,
				4904613D30436B0500233D93 /* iOS (App) */,
				4904614E30436B0500233D93 /* macOS (App) */,
				4904615D30436B0500233D93 /* iOS (Extension) */,
				4904616730436B0500233D93 /* macOS (Extension) */,
				4904613C30436B0500233D93 /* Products */,
			);
			sourceTree = "<group>";
		};
		4904612C30436B0400233D93 /* Shared (App) */ = {
			isa = PBXGroup;
			children = (
				4904613330436B0400233D93 /* ViewController.swift */,
				4904613430436B0500233D93 /* Assets.xcassets */,
				4904612D30436B0400233D93 /* Resources */,
			);
			path = "Shared (App)";
			sourceTree = "<group>";
		};
		4904612D30436B0400233D93 /* Resources */ = {
			isa = PBXGroup;
			children = (
				4904612E30436B0400233D93 /* Main.html */,
				4904613030436B0400233D93 /* Icon.png */,
				4904613130436B0400233D93 /* Style.css */,
				4904613230436B0400233D93 /* Script.js */,
			);
			path = Resources;
			sourceTree = "<group>";
		};
		4904613530436B0500233D93 /* Shared (Extension) */ = {
			isa = PBXGroup;
			children = (
				4904618730436B0500233D93 /* Resources */,
				4904613630436B0500233D93 /* SafariWebExtensionHandler.swift */,
			);
			path = "Shared (Extension)";
			sourceTree = "<group>";
		};
		4904613C30436B0500233D93 /* Products */ = {
			isa = PBXGroup;
			children = (
				4904613B30436B0500233D93 /* Job Finder.app */,
				4904614D30436B0500233D93 /* Job Finder.app */,
				4904615930436B0500233D93 /* Job Finder Extension.appex */,
				4904616330436B0500233D93 /* Job Finder Extension.appex */,
			);
			name = Products;
			sourceTree = "<group>";
		};
		4904613D30436B0500233D93 /* iOS (App) */ = {
			isa = PBXGroup;
			children = (
				4904613E30436B0500233D93 /* AppDelegate.swift */,
				4904614030436B0500233D93 /* SceneDelegate.swift */,
				4904614230436B0500233D93 /* LaunchScreen.storyboard */,
				4904614530436B0500233D93 /* Main.storyboard */,
				4904614830436B0500233D93 /* Info.plist */,
			);
			path = "iOS (App)";
			sourceTree = "<group>";
		};
		4904614E30436B0500233D93 /* macOS (App) */ = {
			isa = PBXGroup;
			children = (
				4904614F30436B0500233D93 /* AppDelegate.swift */,
				4904615130436B0500233D93 /* Main.storyboard */,
				4904615430436B0500233D93 /* Info.plist */,
			);
			path = "macOS (App)";
			sourceTree = "<group>";
		};
		4904615D30436B0500233D93 /* iOS (Extension) */ = {
			isa = PBXGroup;
			children = (
				4904615E30436B0500233D93 /* Info.plist */,
			);
			path = "iOS (Extension)";
			sourceTree = "<group>";
		};
		4904616730436B0500233D93 /* macOS (Extension) */ = {
			isa = PBXGroup;
			children = (
				4904616830436B0500233D93 /* Info.plist */,
			);
			path = "macOS (Extension)";
			sourceTree = "<group>";
		};
		4904618730436B0500233D93 /* Resources */ = {
			isa = PBXGroup;
			children = (
				4904618830436B0500233D93 /* popup.js */,
				4904618930436B0500233D93 /* popup.html */,
				4904618A30436B0500233D93 /* icons */,
				4904618B30436B0500233D93 /* manifest.json */,
				4904618C30436B0500233D93 /* popup.css */,
				4904618D30436B0500233D93 /* content.js */,
				4904618E30436B0500233D93 /* form-tools.js */,
			);
			name = Resources;
			path = "Shared (Extension)";
			sourceTree = SOURCE_ROOT;
		};
/* End PBXGroup section */

/* Begin PBXNativeTarget section */
		4904613A30436B0500233D93 /* Job Finder (iOS) */ = {
			isa = PBXNativeTarget;
			buildConfigurationList = 4904617D30436B0500233D93 /* Build configuration list for PBXNativeTarget "Job Finder (iOS)" */;
			buildPhases = (
				4904613730436B0500233D93 /* Sources */,
				4904613830436B0500233D93 /* Frameworks */,
				4904613930436B0500233D93 /* Resources */,
				4904617C30436B0500233D93 /* Embed Foundation Extensions */,
			);
			buildRules = (
			);
			dependencies = (
				4904615C30436B0500233D93 /* PBXTargetDependency */,
			);
			name = "Job Finder (iOS)";
			packageProductDependencies = (
			);
			productName = "Job Finder (iOS)";
			productReference = 4904613B30436B0500233D93 /* Job Finder.app */;
			productType = "com.apple.product-type.application";
		};
		4904614C30436B0500233D93 /* Job Finder (macOS) */ = {
			isa = PBXNativeTarget;
			buildConfigurationList = 4904618430436B0500233D93 /* Build configuration list for PBXNativeTarget "Job Finder (macOS)" */;
			buildPhases = (
				4904614930436B0500233D93 /* Sources */,
				4904614A30436B0500233D93 /* Frameworks */,
				4904614B30436B0500233D93 /* Resources */,
				4904618330436B0500233D93 /* Embed Foundation Extensions */,
			);
			buildRules = (
			);
			dependencies = (
				4904616630436B0500233D93 /* PBXTargetDependency */,
			);
			name = "Job Finder (macOS)";
			packageProductDependencies = (
			);
			productName = "Job Finder (macOS)";
			productReference = 4904614D30436B0500233D93 /* Job Finder.app */;
			productType = "com.apple.product-type.application";
		};
		4904615830436B0500233D93 /* Job Finder Extension (iOS) */ = {
			isa = PBXNativeTarget;
			buildConfigurationList = 4904617930436B0500233D93 /* Build configuration list for PBXNativeTarget "Job Finder Extension (iOS)" */;
			buildPhases = (
				4904615530436B0500233D93 /* Sources */,
				4904615630436B0500233D93 /* Frameworks */,
				4904615730436B0500233D93 /* Resources */,
			);
			buildRules = (
			);
			dependencies = (
			);
			name = "Job Finder Extension (iOS)";
			packageProductDependencies = (
			);
			productName = "Job Finder Extension (iOS)";
			productReference = 4904615930436B0500233D93 /* Job Finder Extension.appex */;
			productType = "com.apple.product-type.app-extension";
		};
		4904616230436B0500233D93 /* Job Finder Extension (macOS) */ = {
			isa = PBXNativeTarget;
			buildConfigurationList = 4904618030436B0500233D93 /* Build configuration list for PBXNativeTarget "Job Finder Extension (macOS)" */;
			buildPhases = (
				4904615F30436B0500233D93 /* Sources */,
				4904616030436B0500233D93 /* Frameworks */,
				4904616130436B0500233D93 /* Resources */,
			);
			buildRules = (
			);
			dependencies = (
			);
			name = "Job Finder Extension (macOS)";
			packageProductDependencies = (
			);
			productName = "Job Finder Extension (macOS)";
			productReference = 4904616330436B0500233D93 /* Job Finder Extension.appex */;
			productType = "com.apple.product-type.app-extension";
		};
/* End PBXNativeTarget section */

/* Begin PBXProject section */
		4904612830436B0300233D93 /* Project object */ = {
			isa = PBXProject;
			attributes = {
				BuildIndependentTargetsInParallel = 1;
				LastSwiftUpdateCheck = 2660;
				LastUpgradeCheck = 2660;
				TargetAttributes = {
					4904613A30436B0500233D93 = {
						CreatedOnToolsVersion = 26.6;
					};
					4904614C30436B0500233D93 = {
						CreatedOnToolsVersion = 26.6;
					};
					4904615830436B0500233D93 = {
						CreatedOnToolsVersion = 26.6;
					};
					4904616230436B0500233D93 = {
						CreatedOnToolsVersion = 26.6;
					};
				};
			};
			buildConfigurationList = 4904612B30436B0300233D93 /* Build configuration list for PBXProject "Job Finder" */;
			developmentRegion = en;
			hasScannedForEncodings = 0;
			knownRegions = (
				en,
				Base,
			);
			mainGroup = 4904612730436B0300233D93;
			minimizedProjectReferenceProxies = 1;
			preferredProjectObjectVersion = 77;
			productRefGroup = 4904613C30436B0500233D93 /* Products */;
			projectDirPath = "";
			projectRoot = "";
			targets = (
				4904613A30436B0500233D93 /* Job Finder (iOS) */,
				4904614C30436B0500233D93 /* Job Finder (macOS) */,
				4904615830436B0500233D93 /* Job Finder Extension (iOS) */,
				4904616230436B0500233D93 /* Job Finder Extension (macOS) */,
			);
		};
/* End PBXProject section */

/* Begin PBXResourcesBuildPhase section */
		4904613930436B0500233D93 /* Resources */ = {
			isa = PBXResourcesBuildPhase;
			buildActionMask = 2147483647;
			files = (
				4904616B30436B0500233D93 /* Icon.png in Resources */,
				4904614430436B0500233D93 /* LaunchScreen.storyboard in Resources */,
				4904616930436B0500233D93 /* Main.html in Resources */,
				4904616F30436B0500233D93 /* Script.js in Resources */,
				4904617330436B0500233D93 /* Assets.xcassets in Resources */,
				4904614730436B0500233D93 /* Main.storyboard in Resources */,
				4904616D30436B0500233D93 /* Style.css in Resources */,
			);
			runOnlyForDeploymentPostprocessing = 0;
		};
		4904614B30436B0500233D93 /* Resources */ = {
			isa = PBXResourcesBuildPhase;
			buildActionMask = 2147483647;
			files = (
				4904616C30436B0500233D93 /* Icon.png in Resources */,
				4904616E30436B0500233D93 /* Style.css in Resources */,
				4904615330436B0500233D93 /* Main.storyboard in Resources */,
				4904617030436B0500233D93 /* Script.js in Resources */,
				4904617430436B0500233D93 /* Assets.xcassets in Resources */,
				4904616A30436B0500233D93 /* Main.html in Resources */,
			);
			runOnlyForDeploymentPostprocessing = 0;
		};
		4904615730436B0500233D93 /* Resources */ = {
			isa = PBXResourcesBuildPhase;
			buildActionMask = 2147483647;
			files = (
				4904619B30436B0500233D93 /* content.js in Resources */,
				4904619A30436B0500233D93 /* popup.css in Resources */,
				4904619930436B0500233D93 /* manifest.json in Resources */,
				4904619830436B0500233D93 /* icons in Resources */,
				4904619630436B0500233D93 /* popup.js in Resources */,
				4904619730436B0500233D93 /* popup.html in Resources */,
				4904619C30436B0500233D93 /* form-tools.js in Resources */,
			);
			runOnlyForDeploymentPostprocessing = 0;
		};
		4904616130436B0500233D93 /* Resources */ = {
			isa = PBXResourcesBuildPhase;
			buildActionMask = 2147483647;
			files = (
				4904619430436B0500233D93 /* content.js in Resources */,
				4904619330436B0500233D93 /* popup.css in Resources */,
				4904619230436B0500233D93 /* manifest.json in Resources */,
				4904619130436B0500233D93 /* icons in Resources */,
				4904618F30436B0500233D93 /* popup.js in Resources */,
				4904619030436B0500233D93 /* popup.html in Resources */,
				4904619530436B0500233D93 /* form-tools.js in Resources */,
			);
			runOnlyForDeploymentPostprocessing = 0;
		};
/* End PBXResourcesBuildPhase section */

/* Begin PBXSourcesBuildPhase section */
		4904613730436B0500233D93 /* Sources */ = {
			isa = PBXSourcesBuildPhase;
			buildActionMask = 2147483647;
			files = (
				4904617130436B0500233D93 /* ViewController.swift in Sources */,
				4904613F30436B0500233D93 /* AppDelegate.swift in Sources */,
				4904614130436B0500233D93 /* SceneDelegate.swift in Sources */,
			);
			runOnlyForDeploymentPostprocessing = 0;
		};
		4904614930436B0500233D93 /* Sources */ = {
			isa = PBXSourcesBuildPhase;
			buildActionMask = 2147483647;
			files = (
				4904617230436B0500233D93 /* ViewController.swift in Sources */,
				4904615030436B0500233D93 /* AppDelegate.swift in Sources */,
			);
			runOnlyForDeploymentPostprocessing = 0;
		};
		4904615530436B0500233D93 /* Sources */ = {
			isa = PBXSourcesBuildPhase;
			buildActionMask = 2147483647;
			files = (
				4904617530436B0500233D93 /* SafariWebExtensionHandler.swift in Sources */,
			);
			runOnlyForDeploymentPostprocessing = 0;
		};
		4904615F30436B0500233D93 /* Sources */ = {
			isa = PBXSourcesBuildPhase;
			buildActionMask = 2147483647;
			files = (
				4904617630436B0500233D93 /* SafariWebExtensionHandler.swift in Sources */,
			);
			runOnlyForDeploymentPostprocessing = 0;
		};
/* End PBXSourcesBuildPhase section */

/* Begin PBXTargetDependency section */
		4904615C30436B0500233D93 /* PBXTargetDependency */ = {
			isa = PBXTargetDependency;
			target = 4904615830436B0500233D93 /* Job Finder Extension (iOS) */;
			targetProxy = 4904615B30436B0500233D93 /* PBXContainerItemProxy */;
		};
		4904616630436B0500233D93 /* PBXTargetDependency */ = {
			isa = PBXTargetDependency;
			target = 4904616230436B0500233D93 /* Job Finder Extension (macOS) */;
			targetProxy = 4904616530436B0500233D93 /* PBXContainerItemProxy */;
		};
/* End PBXTargetDependency section */

/* Begin PBXVariantGroup section */
		4904612E30436B0400233D93 /* Main.html */ = {
			isa = PBXVariantGroup;
			children = (
				4904612F30436B0400233D93 /* Base */,
			);
			name = Main.html;
			sourceTree = "<group>";
		};
		4904614230436B0500233D93 /* LaunchScreen.storyboard */ = {
			isa = PBXVariantGroup;
			children = (
				4904614330436B0500233D93 /* Base */,
			);
			name = LaunchScreen.storyboard;
			sourceTree = "<group>";
		};
		4904614530436B0500233D93 /* Main.storyboard */ = {
			isa = PBXVariantGroup;
			children = (
				4904614630436B0500233D93 /* Base */,
			);
			name = Main.storyboard;
			sourceTree = "<group>";
		};
		4904615130436B0500233D93 /* Main.storyboard */ = {
			isa = PBXVariantGroup;
			children = (
				4904615230436B0500233D93 /* Base */,
			);
			name = Main.storyboard;
			sourceTree = "<group>";
		};
/* End PBXVariantGroup section */

/* Begin XCBuildConfiguration section */
		4904617730436B0500233D93 /* Debug */ = {
			isa = XCBuildConfiguration;
			buildSettings = {
				ALWAYS_SEARCH_USER_PATHS = NO;
				ASSETCATALOG_COMPILER_GENERATE_SWIFT_ASSET_SYMBOL_EXTENSIONS = YES;
				CLANG_ANALYZER_NONNULL = YES;
				CLANG_ANALYZER_NUMBER_OBJECT_CONVERSION = YES_AGGRESSIVE;
				CLANG_CXX_LANGUAGE_STANDARD = "gnu++20";
				CLANG_ENABLE_MODULES = YES;
				CLANG_ENABLE_OBJC_ARC = YES;
				CLANG_ENABLE_OBJC_WEAK = YES;
				CLANG_WARN_BLOCK_CAPTURE_AUTORELEASING = YES;
				CLANG_WARN_BOOL_CONVERSION = YES;
				CLANG_WARN_COMMA = YES;
				CLANG_WARN_CONSTANT_CONVERSION = YES;
				CLANG_WARN_DEPRECATED_OBJC_IMPLEMENTATIONS = YES;
				CLANG_WARN_DIRECT_OBJC_ISA_USAGE = YES_ERROR;
				CLANG_WARN_DOCUMENTATION_COMMENTS = YES;
				CLANG_WARN_EMPTY_BODY = YES;
				CLANG_WARN_ENUM_CONVERSION = YES;
				CLANG_WARN_INFINITE_RECURSION = YES;
				CLANG_WARN_INT_CONVERSION = YES;
				CLANG_WARN_NON_LITERAL_NULL_CONVERSION = YES;
				CLANG_WARN_OBJC_IMPLICIT_RETAIN_SELF = YES;
				CLANG_WARN_OBJC_LITERAL_CONVERSION = YES;
				CLANG_WARN_OBJC_ROOT_CLASS = YES_ERROR;
				CLANG_WARN_QUOTED_INCLUDE_IN_FRAMEWORK_HEADER = YES;
				CLANG_WARN_RANGE_LOOP_ANALYSIS = YES;
				CLANG_WARN_STRICT_PROTOTYPES = YES;
				CLANG_WARN_SUSPICIOUS_MOVE = YES;
				CLANG_WARN_UNGUARDED_AVAILABILITY = YES_AGGRESSIVE;
				CLANG_WARN_UNREACHABLE_CODE = YES;
				CLANG_WARN__DUPLICATE_METHOD_MATCH = YES;
				COPY_PHASE_STRIP = NO;
				DEBUG_INFORMATION_FORMAT = dwarf;
				ENABLE_STRICT_OBJC_MSGSEND = YES;
				ENABLE_TESTABILITY = YES;
				ENABLE_USER_SCRIPT_SANDBOXING = YES;
				GCC_C_LANGUAGE_STANDARD = gnu17;
				GCC_DYNAMIC_NO_PIC = NO;
				GCC_NO_COMMON_BLOCKS = YES;
				GCC_OPTIMIZATION_LEVEL = 0;
				GCC_PREPROCESSOR_DEFINITIONS = (
					"DEBUG=1",
					"$(inherited)",
				);
				GCC_WARN_64_TO_32_BIT_CONVERSION = YES;
				GCC_WARN_ABOUT_RETURN_TYPE = YES_ERROR;
				GCC_WARN_UNDECLARED_SELECTOR = YES;
				GCC_WARN_UNINITIALIZED_AUTOS = YES_AGGRESSIVE;
				GCC_WARN_UNUSED_FUNCTION = YES;
				GCC_WARN_UNUSED_VARIABLE = YES;
				LOCALIZATION_PREFERS_STRING_CATALOGS = YES;
				MTL_ENABLE_DEBUG_INFO = INCLUDE_SOURCE;
				MTL_FAST_MATH = YES;
				ONLY_ACTIVE_ARCH = YES;
				SWIFT_ACTIVE_COMPILATION_CONDITIONS = "DEBUG $(inherited)";
				SWIFT_OPTIMIZATION_LEVEL = "-Onone";
			};
			name = Debug;
		};
		4904617830436B0500233D93 /* Release */ = {
			isa = XCBuildConfiguration;
			buildSettings = {
				ALWAYS_SEARCH_USER_PATHS = NO;
				ASSETCATALOG_COMPILER_GENERATE_SWIFT_ASSET_SYMBOL_EXTENSIONS = YES;
				CLANG_ANALYZER_NONNULL = YES;
				CLANG_ANALYZER_NUMBER_OBJECT_CONVERSION = YES_AGGRESSIVE;
				CLANG_CXX_LANGUAGE_STANDARD = "gnu++20";
				CLANG_ENABLE_MODULES = YES;
				CLANG_ENABLE_OBJC_ARC = YES;
				CLANG_ENABLE_OBJC_WEAK = YES;
				CLANG_WARN_BLOCK_CAPTURE_AUTORELEASING = YES;
				CLANG_WARN_BOOL_CONVERSION = YES;
				CLANG_WARN_COMMA = YES;
				CLANG_WARN_CONSTANT_CONVERSION = YES;
				CLANG_WARN_DEPRECATED_OBJC_IMPLEMENTATIONS = YES;
				CLANG_WARN_DIRECT_OBJC_ISA_USAGE = YES_ERROR;
				CLANG_WARN_DOCUMENTATION_COMMENTS = YES;
				CLANG_WARN_EMPTY_BODY = YES;
				CLANG_WARN_ENUM_CONVERSION = YES;
				CLANG_WARN_INFINITE_RECURSION = YES;
				CLANG_WARN_INT_CONVERSION = YES;
				CLANG_WARN_NON_LITERAL_NULL_CONVERSION = YES;
				CLANG_WARN_OBJC_IMPLICIT_RETAIN_SELF = YES;
				CLANG_WARN_OBJC_LITERAL_CONVERSION = YES;
				CLANG_WARN_OBJC_ROOT_CLASS = YES_ERROR;
				CLANG_WARN_QUOTED_INCLUDE_IN_FRAMEWORK_HEADER = YES;
				CLANG_WARN_RANGE_LOOP_ANALYSIS = YES;
				CLANG_WARN_STRICT_PROTOTYPES = YES;
				CLANG_WARN_SUSPICIOUS_MOVE = YES;
				CLANG_WARN_UNGUARDED_AVAILABILITY = YES_AGGRESSIVE;
				CLANG_WARN_UNREACHABLE_CODE = YES;
				CLANG_WARN__DUPLICATE_METHOD_MATCH = YES;
				COPY_PHASE_STRIP = NO;
				DEBUG_INFORMATION_FORMAT = "dwarf-with-dsym";
				ENABLE_NS_ASSERTIONS = NO;
				ENABLE_STRICT_OBJC_MSGSEND = YES;
				ENABLE_USER_SCRIPT_SANDBOXING = YES;
				GCC_C_LANGUAGE_STANDARD = gnu17;
				GCC_NO_COMMON_BLOCKS = YES;
				GCC_WARN_64_TO_32_BIT_CONVERSION = YES;
				GCC_WARN_ABOUT_RETURN_TYPE = YES_ERROR;
				GCC_WARN_UNDECLARED_SELECTOR = YES;
				GCC_WARN_UNINITIALIZED_AUTOS = YES_AGGRESSIVE;
				GCC_WARN_UNUSED_FUNCTION = YES;
				GCC_WARN_UNUSED_VARIABLE = YES;
				LOCALIZATION_PREFERS_STRING_CATALOGS = YES;
				MTL_ENABLE_DEBUG_INFO = NO;
				MTL_FAST_MATH = YES;
				SWIFT_COMPILATION_MODE = wholemodule;
			};
			name = Release;
		};
		4904617A30436B0500233D93 /* Debug */ = {
			isa = XCBuildConfiguration;
			buildSettings = {
				CODE_SIGN_STYLE = Automatic;
				CURRENT_PROJECT_VERSION = 1;
				GENERATE_INFOPLIST_FILE = YES;
				INFOPLIST_FILE = "iOS (Extension)/Info.plist";
				INFOPLIST_KEY_CFBundleDisplayName = "Job Finder Extension";
				INFOPLIST_KEY_NSHumanReadableCopyright = "";
				IPHONEOS_DEPLOYMENT_TARGET = 15.0;
				LD_RUNPATH_SEARCH_PATHS = (
					"$(inherited)",
					"@executable_path/Frameworks",
					"@executable_path/../../Frameworks",
				);
				MARKETING_VERSION = 1.0;
				OTHER_LDFLAGS = (
					"-framework",
					SafariServices,
				);
				PRODUCT_BUNDLE_IDENTIFIER = com.waynehomelab.jobfinder.Extension;
				PRODUCT_NAME = "Job Finder Extension";
				SDKROOT = iphoneos;
				SKIP_INSTALL = YES;
				STRING_CATALOG_GENERATE_SYMBOLS = YES;
				SWIFT_APPROACHABLE_CONCURRENCY = YES;
				SWIFT_EMIT_LOC_STRINGS = YES;
				SWIFT_UPCOMING_FEATURE_MEMBER_IMPORT_VISIBILITY = YES;
				SWIFT_VERSION = 5.0;
				TARGETED_DEVICE_FAMILY = "1,2";
			};
			name = Debug;
		};
		4904617B30436B0500233D93 /* Release */ = {
			isa = XCBuildConfiguration;
			buildSettings = {
				CODE_SIGN_STYLE = Automatic;
				CURRENT_PROJECT_VERSION = 1;
				GENERATE_INFOPLIST_FILE = YES;
				INFOPLIST_FILE = "iOS (Extension)/Info.plist";
				INFOPLIST_KEY_CFBundleDisplayName = "Job Finder Extension";
				INFOPLIST_KEY_NSHumanReadableCopyright = "";
				IPHONEOS_DEPLOYMENT_TARGET = 15.0;
				LD_RUNPATH_SEARCH_PATHS = (
					"$(inherited)",
					"@executable_path/Frameworks",
					"@executable_path/../../Frameworks",
				);
				MARKETING_VERSION = 1.0;
				OTHER_LDFLAGS = (
					"-framework",
					SafariServices,
				);
				PRODUCT_BUNDLE_IDENTIFIER = com.waynehomelab.jobfinder.Extension;
				PRODUCT_NAME = "Job Finder Extension";
				SDKROOT = iphoneos;
				SKIP_INSTALL = YES;
				STRING_CATALOG_GENERATE_SYMBOLS = YES;
				SWIFT_APPROACHABLE_CONCURRENCY = YES;
				SWIFT_EMIT_LOC_STRINGS = YES;
				SWIFT_UPCOMING_FEATURE_MEMBER_IMPORT_VISIBILITY = YES;
				SWIFT_VERSION = 5.0;
				TARGETED_DEVICE_FAMILY = "1,2";
				VALIDATE_PRODUCT = YES;
			};
			name = Release;
		};
		4904617E30436B0500233D93 /* Debug */ = {
			isa = XCBuildConfiguration;
			buildSettings = {
				ASSETCATALOG_COMPILER_APPICON_NAME = AppIcon;
				ASSETCATALOG_COMPILER_GLOBAL_ACCENT_COLOR_NAME = AccentColor;
				CODE_SIGN_STYLE = Automatic;
				CURRENT_PROJECT_VERSION = 1;
				GENERATE_INFOPLIST_FILE = YES;
				INFOPLIST_FILE = "iOS (App)/Info.plist";
				INFOPLIST_KEY_CFBundleDisplayName = "Job Finder";
				INFOPLIST_KEY_UIApplicationSupportsIndirectInputEvents = YES;
				INFOPLIST_KEY_UILaunchStoryboardName = LaunchScreen;
				INFOPLIST_KEY_UIMainStoryboardFile = Main;
				INFOPLIST_KEY_UISupportedInterfaceOrientations = "UIInterfaceOrientationPortrait UIInterfaceOrientationLandscapeLeft UIInterfaceOrientationLandscapeRight";
				INFOPLIST_KEY_UISupportedInterfaceOrientations_iPad = "UIInterfaceOrientationPortrait UIInterfaceOrientationPortraitUpsideDown UIInterfaceOrientationLandscapeLeft UIInterfaceOrientationLandscapeRight";
				IPHONEOS_DEPLOYMENT_TARGET = 15.0;
				LD_RUNPATH_SEARCH_PATHS = (
					"$(inherited)",
					"@executable_path/Frameworks",
				);
				MARKETING_VERSION = 1.0;
				OTHER_LDFLAGS = (
					"-framework",
					SafariServices,
					"-framework",
					WebKit,
				);
				PRODUCT_BUNDLE_IDENTIFIER = com.waynehomelab.jobfinder;
				PRODUCT_NAME = "Job Finder";
				SDKROOT = iphoneos;
				STRING_CATALOG_GENERATE_SYMBOLS = YES;
				SWIFT_APPROACHABLE_CONCURRENCY = YES;
				SWIFT_DEFAULT_ACTOR_ISOLATION = MainActor;
				SWIFT_EMIT_LOC_STRINGS = YES;
				SWIFT_UPCOMING_FEATURE_MEMBER_IMPORT_VISIBILITY = YES;
				SWIFT_VERSION = 5.0;
				TARGETED_DEVICE_FAMILY = "1,2";
			};
			name = Debug;
		};
		4904617F30436B0500233D93 /* Release */ = {
			isa = XCBuildConfiguration;
			buildSettings = {
				ASSETCATALOG_COMPILER_APPICON_NAME = AppIcon;
				ASSETCATALOG_COMPILER_GLOBAL_ACCENT_COLOR_NAME = AccentColor;
				CODE_SIGN_STYLE = Automatic;
				CURRENT_PROJECT_VERSION = 1;
				GENERATE_INFOPLIST_FILE = YES;
				INFOPLIST_FILE = "iOS (App)/Info.plist";
				INFOPLIST_KEY_CFBundleDisplayName = "Job Finder";
				INFOPLIST_KEY_UIApplicationSupportsIndirectInputEvents = YES;
				INFOPLIST_KEY_UILaunchStoryboardName = LaunchScreen;
				INFOPLIST_KEY_UIMainStoryboardFile = Main;
				INFOPLIST_KEY_UISupportedInterfaceOrientations = "UIInterfaceOrientationPortrait UIInterfaceOrientationLandscapeLeft UIInterfaceOrientationLandscapeRight";
				INFOPLIST_KEY_UISupportedInterfaceOrientations_iPad = "UIInterfaceOrientationPortrait UIInterfaceOrientationPortraitUpsideDown UIInterfaceOrientationLandscapeLeft UIInterfaceOrientationLandscapeRight";
				IPHONEOS_DEPLOYMENT_TARGET = 15.0;
				LD_RUNPATH_SEARCH_PATHS = (
					"$(inherited)",
					"@executable_path/Frameworks",
				);
				MARKETING_VERSION = 1.0;
				OTHER_LDFLAGS = (
					"-framework",
					SafariServices,
					"-framework",
					WebKit,
				);
				PRODUCT_BUNDLE_IDENTIFIER = com.waynehomelab.jobfinder;
				PRODUCT_NAME = "Job Finder";
				SDKROOT = iphoneos;
				STRING_CATALOG_GENERATE_SYMBOLS = YES;
				SWIFT_APPROACHABLE_CONCURRENCY = YES;
				SWIFT_DEFAULT_ACTOR_ISOLATION = MainActor;
				SWIFT_EMIT_LOC_STRINGS = YES;
				SWIFT_UPCOMING_FEATURE_MEMBER_IMPORT_VISIBILITY = YES;
				SWIFT_VERSION = 5.0;
				TARGETED_DEVICE_FAMILY = "1,2";
				VALIDATE_PRODUCT = YES;
			};
			name = Release;
		};
		4904618130436B0500233D93 /* Debug */ = {
			isa = XCBuildConfiguration;
			buildSettings = {
				CODE_SIGN_STYLE = Automatic;
				CURRENT_PROJECT_VERSION = 1;
				ENABLE_APP_SANDBOX = YES;
				ENABLE_HARDENED_RUNTIME = YES;
				ENABLE_USER_SELECTED_FILES = readonly;
				GENERATE_INFOPLIST_FILE = YES;
				INFOPLIST_FILE = "macOS (Extension)/Info.plist";
				INFOPLIST_KEY_CFBundleDisplayName = "Job Finder Extension";
				INFOPLIST_KEY_NSHumanReadableCopyright = "";
				LD_RUNPATH_SEARCH_PATHS = (
					"$(inherited)",
					"@executable_path/../Frameworks",
					"@executable_path/../../../../Frameworks",
				);
				MACOSX_DEPLOYMENT_TARGET = 10.14;
				MARKETING_VERSION = 1.0;
				OTHER_LDFLAGS = (
					"-framework",
					SafariServices,
				);
				PRODUCT_BUNDLE_IDENTIFIER = com.waynehomelab.jobfinder.Extension;
				PRODUCT_NAME = "Job Finder Extension";
				SDKROOT = macosx;
				SKIP_INSTALL = YES;
				STRING_CATALOG_GENERATE_SYMBOLS = YES;
				SWIFT_APPROACHABLE_CONCURRENCY = YES;
				SWIFT_EMIT_LOC_STRINGS = YES;
				SWIFT_UPCOMING_FEATURE_MEMBER_IMPORT_VISIBILITY = YES;
				SWIFT_VERSION = 5.0;
			};
			name = Debug;
		};
		4904618230436B0500233D93 /* Release */ = {
			isa = XCBuildConfiguration;
			buildSettings = {
				CODE_SIGN_STYLE = Automatic;
				CURRENT_PROJECT_VERSION = 1;
				ENABLE_APP_SANDBOX = YES;
				ENABLE_HARDENED_RUNTIME = YES;
				ENABLE_USER_SELECTED_FILES = readonly;
				GENERATE_INFOPLIST_FILE = YES;
				INFOPLIST_FILE = "macOS (Extension)/Info.plist";
				INFOPLIST_KEY_CFBundleDisplayName = "Job Finder Extension";
				INFOPLIST_KEY_NSHumanReadableCopyright = "";
				LD_RUNPATH_SEARCH_PATHS = (
					"$(inherited)",
					"@executable_path/../Frameworks",
					"@executable_path/../../../../Frameworks",
				);
				MACOSX_DEPLOYMENT_TARGET = 10.14;
				MARKETING_VERSION = 1.0;
				OTHER_LDFLAGS = (
					"-framework",
					SafariServices,
				);
				PRODUCT_BUNDLE_IDENTIFIER = com.waynehomelab.jobfinder.Extension;
				PRODUCT_NAME = "Job Finder Extension";
				SDKROOT = macosx;
				SKIP_INSTALL = YES;
				STRING_CATALOG_GENERATE_SYMBOLS = YES;
				SWIFT_APPROACHABLE_CONCURRENCY = YES;
				SWIFT_EMIT_LOC_STRINGS = YES;
				SWIFT_UPCOMING_FEATURE_MEMBER_IMPORT_VISIBILITY = YES;
				SWIFT_VERSION = 5.0;
			};
			name = Release;
		};
		4904618530436B0500233D93 /* Debug */ = {
			isa = XCBuildConfiguration;
			buildSettings = {
				ASSETCATALOG_COMPILER_APPICON_NAME = AppIcon;
				ASSETCATALOG_COMPILER_GLOBAL_ACCENT_COLOR_NAME = AccentColor;
				CODE_SIGN_STYLE = Automatic;
				CURRENT_PROJECT_VERSION = 1;
				ENABLE_APP_SANDBOX = YES;
				ENABLE_HARDENED_RUNTIME = YES;
				ENABLE_OUTGOING_NETWORK_CONNECTIONS = YES;
				ENABLE_USER_SELECTED_FILES = readonly;
				GENERATE_INFOPLIST_FILE = YES;
				INFOPLIST_FILE = "macOS (App)/Info.plist";
				INFOPLIST_KEY_CFBundleDisplayName = "Job Finder";
				INFOPLIST_KEY_NSMainStoryboardFile = Main;
				INFOPLIST_KEY_NSPrincipalClass = NSApplication;
				LD_RUNPATH_SEARCH_PATHS = (
					"$(inherited)",
					"@executable_path/../Frameworks",
				);
				MACOSX_DEPLOYMENT_TARGET = 10.14;
				MARKETING_VERSION = 1.0;
				OTHER_LDFLAGS = (
					"-framework",
					SafariServices,
					"-framework",
					WebKit,
				);
				PRODUCT_BUNDLE_IDENTIFIER = com.waynehomelab.jobfinder;
				PRODUCT_NAME = "Job Finder";
				REGISTER_APP_GROUPS = YES;
				SDKROOT = macosx;
				STRING_CATALOG_GENERATE_SYMBOLS = YES;
				SWIFT_APPROACHABLE_CONCURRENCY = YES;
				SWIFT_DEFAULT_ACTOR_ISOLATION = MainActor;
				SWIFT_EMIT_LOC_STRINGS = YES;
				SWIFT_UPCOMING_FEATURE_MEMBER_IMPORT_VISIBILITY = YES;
				SWIFT_VERSION = 5.0;
			};
			name = Debug;
		};
		4904618630436B0500233D93 /* Release */ = {
			isa = XCBuildConfiguration;
			buildSettings = {
				ASSETCATALOG_COMPILER_APPICON_NAME = AppIcon;
				ASSETCATALOG_COMPILER_GLOBAL_ACCENT_COLOR_NAME = AccentColor;
				CODE_SIGN_STYLE = Automatic;
				CURRENT_PROJECT_VERSION = 1;
				ENABLE_APP_SANDBOX = YES;
				ENABLE_HARDENED_RUNTIME = YES;
				ENABLE_OUTGOING_NETWORK_CONNECTIONS = YES;
				ENABLE_USER_SELECTED_FILES = readonly;
				GENERATE_INFOPLIST_FILE = YES;
				INFOPLIST_FILE = "macOS (App)/Info.plist";
				INFOPLIST_KEY_CFBundleDisplayName = "Job Finder";
				INFOPLIST_KEY_NSMainStoryboardFile = Main;
				INFOPLIST_KEY_NSPrincipalClass = NSApplication;
				LD_RUNPATH_SEARCH_PATHS = (
					"$(inherited)",
					"@executable_path/../Frameworks",
				);
				MACOSX_DEPLOYMENT_TARGET = 10.14;
				MARKETING_VERSION = 1.0;
				OTHER_LDFLAGS = (
					"-framework",
					SafariServices,
					"-framework",
					WebKit,
				);
				PRODUCT_BUNDLE_IDENTIFIER = com.waynehomelab.jobfinder;
				PRODUCT_NAME = "Job Finder";
				REGISTER_APP_GROUPS = YES;
				SDKROOT = macosx;
				STRING_CATALOG_GENERATE_SYMBOLS = YES;
				SWIFT_APPROACHABLE_CONCURRENCY = YES;
				SWIFT_DEFAULT_ACTOR_ISOLATION = MainActor;
				SWIFT_EMIT_LOC_STRINGS = YES;
				SWIFT_UPCOMING_FEATURE_MEMBER_IMPORT_VISIBILITY = YES;
				SWIFT_VERSION = 5.0;
			};
			name = Release;
		};
/* End XCBuildConfiguration section */

/* Begin XCConfigurationList section */
		4904612B30436B0300233D93 /* Build configuration list for PBXProject "Job Finder" */ = {
			isa = XCConfigurationList;
			buildConfigurations = (
				4904617730436B0500233D93 /* Debug */,
				4904617830436B0500233D93 /* Release */,
			);
			defaultConfigurationIsVisible = 0;
			defaultConfigurationName = Release;
		};
		4904617930436B0500233D93 /* Build configuration list for PBXNativeTarget "Job Finder Extension (iOS)" */ = {
			isa = XCConfigurationList;
			buildConfigurations = (
				4904617A30436B0500233D93 /* Debug */,
				4904617B30436B0500233D93 /* Release */,
			);
			defaultConfigurationIsVisible = 0;
			defaultConfigurationName = Release;
		};
		4904617D30436B0500233D93 /* Build configuration list for PBXNativeTarget "Job Finder (iOS)" */ = {
			isa = XCConfigurationList;
			buildConfigurations = (
				4904617E30436B0500233D93 /* Debug */,
				4904617F30436B0500233D93 /* Release */,
			);
			defaultConfigurationIsVisible = 0;
			defaultConfigurationName = Release;
		};
		4904618030436B0500233D93 /* Build configuration list for PBXNativeTarget "Job Finder Extension (macOS)" */ = {
			isa = XCConfigurationList;
			buildConfigurations = (
				4904618130436B0500233D93 /* Debug */,
				4904618230436B0500233D93 /* Release */,
			);
			defaultConfigurationIsVisible = 0;
			defaultConfigurationName = Release;
		};
		4904618430436B0500233D93 /* Build configuration list for PBXNativeTarget "Job Finder (macOS)" */ = {
			isa = XCConfigurationList;
			buildConfigurations = (
				4904618530436B0500233D93 /* Debug */,
				4904618630436B0500233D93 /* Release */,
			);
			defaultConfigurationIsVisible = 0;
			defaultConfigurationName = Release;
		};
/* End XCConfigurationList section */
	};
	rootObject = 4904612830436B0300233D93 /* Project object */;
}
